version = 1
revision = 1
requires-python = ">=3.13"

[[package]]
name = "black"
version = "26.1.0"
source = { registry = "https://pypi.org/simple" }
dependencies = [
    { name = "click" },
    { name = "mypy-extensions" },
    { name = "packaging" },
    { name = "pathspec" },
    { name = "platformdirs" },
    { name = "pytokens" },
]
sdist = { url = "https://files.pythonhosted.org/packages/13/88/560b11e521c522440af991d46848a2bde64b5f7202ec14e1f46f9509d328/black-26.1.0.tar.gz", hash = "sha256:d294ac3340eef9c9eb5d29288e96dc719ff269a88e27b396340459dd85da4c58", size = 658785 }
wheels = [
    { url = "https://files.pythonhosted.org/packages/79/04/fa2f4784f7237279332aa735cdfd5ae2e7730db0072fb2041dadda9ae551/black-26.1.0-cp313-cp313-macosx_10_13_x86_64.whl", hash = "sha256:ba1d768fbfb6930fc93b0ecc32a43d8861ded16f47a40f14afa9bb04ab93d304", size = 1877781 },
    { url = "https://files.pythonhosted.org/packages/cf/ad/5a131b01acc0e5336740a039628c0ab69d60cf09a2c87a4ec49f5826acda/black-26.1.0-cp313-cp313-macosx_11_0_arm64.whl", hash = "sha256:2b807c240b64609cb0e80d2200a35b23c7df82259f80bef1b2c96eb422b4aac9", size = 1699670 },
    { url = "https://files.pythonhosted.org/packages/da/7c/b05f22964316a52ab6b4265bcd52c0ad2c30d7ca6bd3d0637e438fc32d6e/black-26.1.0-cp313-cp313-manylinux2014_x86_64.manylinux_2_17_x86_64.manylinux_2_28_x86_64.whl", hash = "sha256:1de0f7d01cc894066a1153b738145b194414cc6eeaad8ef4397ac9abacf40f6b", size = 1775212 },
    { url = "https://files.pythonhosted.org/packages/a6/a3/e8d1526bea0446e040193185353920a9506eab60a7d8beb062029129c7d2/black-26.1.0-cp313-cp313-win_amd64.whl", hash = "sha256:91a68ae46bf07868963671e4d05611b179c2313301bd756a89ad4e3b3db2325b", size = 1409953 },
    { url = "https://files.pythonhosted.org/packages/c7/5a/d62ebf4d8f5e3a1daa54adaab94c107b57be1b1a2f115a0249b41931e188/black-26.1.0-cp313-cp313-win_arm64.whl", hash = "sha256:be5e2fe860b9bd9edbf676d5b60a9282994c03fbbd40fe8f5e75d194f96064ca", size = 1217707 },
    { url = "https://files.pythonhosted.org/packages/6a/83/be35a175aacfce4b05584ac415fd317dd6c24e93a0af2dcedce0f686f5d8/black-26.1.0-cp314-cp314-macosx_10_15_x86_64.whl", hash = "sha256:9dc8c71656a79ca49b8d3e2ce8103210c9481c57798b48deeb3a8bb02db5f115", size = 1871864 },
    { url = "https://files.pythonhosted.org/packages/a5/f5/d33696c099450b1274d925a42b7a030cd3ea1f56d72e5ca8bbed5f52759c/black-26.1.0-cp314-cp314-macosx_11_0_arm64.whl", hash = "sha256:b22b3810451abe359a964cc88121d57f7bce482b53a066de0f1584988ca36e79", size = 1701009 },
    { url = "https://files.pythonhosted.org/packages/1b/87/670dd888c537acb53a863bc15abbd85b22b429237d9de1b77c0ed6b79c42/black-26.1.0-cp314-cp314-manylinux2014_x86_64.manylinux_2_17_x86_64.manylinux_2_28_x86_64.whl", hash = "sha256:53c62883b3f999f14e5d30b5a79bd437236658ad45b2f853906c7cbe79de00af", size = 1767806 },
    { url = "https://files.pythonhosted.org/packages/fe/9c/cd3deb79bfec5bcf30f9d2100ffeec63eecce826eb63e3961708b9431ff1/black-26.1.0-cp314-cp314-win_amd64.whl", hash = "sha256:f016baaadc423dc960cdddf9acae679e71ee02c4c341f78f3179d7e4819c095f", size = 1433217 },
    { url = "https://files.pythonhosted.org/packages/4e/29/f3be41a1cf502a283506f40f5d27203249d181f7a1a2abce1c6ce188035a/black-26.1.0-cp314-cp314-win_arm64.whl", hash = "sha256:66912475200b67ef5a0ab665011964bf924745103f51977a78b4fb92a9fc1bf0", size = 1245773 },
    { url = "https://files.pythonhosted.org/packages/e4/3d/51bdb3ecbfadfaf825ec0c75e1de6077422b4afa2091c6c9ba34fbfc0c2d/black-26.1.0-py3-none-any.whl", hash = "sha256:1054e8e47ebd686e078c0bb0eaf31e6ce69c966058d122f2c0c950311f9f3ede", size = 204010 },
]

[[package]]
name = "click"
version = "8.3.1"
source = { registry = "https://pypi.org/simple" }
dependencies = [
    { name = "colorama", marker = "sys_platform == 'win32'" },
]
sdist = { url = "https://files.pythonhosted.org/packages/3d/fa/656b739db8587d7b5dfa22e22ed02566950fbfbcdc20311993483657a5c0/click-8.3.1.tar.gz", hash = "sha256:12ff4785d337a1bb490bb7e9c2b1ee5da3112e94a8622f26a6c77f5d2fc6842a", size = 295065 }
wheels = [
    { url = "https://files.pythonhosted.org/packages/98/78/01c019cdb5d6498122777c1a43056ebb3ebfeef2076d9d026bfe15583b2b/click-8.3.1-py3-none-any.whl", hash = "sha256:981153a64e25f12d547d3426c367a4857371575ee7ad18df2a6183ab0545b2a6", size = 108274 },
]

[[package]]
name = "colorama"
version = "0.4.6"
source = { registry = "https://pypi.org/simple" }
sdist = { url = "https://files.pythonhosted.org/packages/d8/53/6f443c9a4a8358a93a6792e2acffb9d9d5cb0a5cfd8802644b7b1c9a02e4/colorama-0.4.6.tar.gz", hash = "sha256:08695f5cb7ed6e0531a20572697297273c47b8cae5a63ffc6d6ed5c201be6e44", size = 27697 }
wheels = [
    { url = "https://files.pythonhosted.org/packages/d1/d6/3965ed04c63042e047cb6a3e6ed1a63a35087b6a609aa3a15ed8ac56c221/colorama-0.4.6-py2.py3-none-any.whl", hash = "sha256:4f1d9991f5acc0ca119f9d443620b77f9d6b33703e51011c16baf57afb285fc6", size = 25335 },
]

[[package]]
name = "mypy-extensions"
version = "1.1.0"
source = { registry = "https://pypi.org/simple" }
sdist = { url = "https://files.pythonhosted.org/packages/a2/6e/371856a3fb9d31ca8dac321cda606860fa4548858c0cc45d9d1d4ca2628b/mypy_extensions-1.1.0.tar.gz", hash = "sha256:52e68efc3284861e772bbcd66823fde5ae21fd2fdb51c62a211403730b916558", size = 6343 }
wheels = [
    { url = "https://files.pythonhosted.org/packages/79/7b/2c79738432f5c924bef5071f933bcc9efd0473bac3b4aa584a6f7c1c8df8/mypy_extensions-1.1.0-py3-none-any.whl", hash = "sha256:1be4cccdb0f2482337c4743e60421de3a356cd97508abadd57d47403e94f5505", size = 4963 },
]

[[package]]
name = "packaging"
version = "26.0"
source = { registry = "https://pypi.org/simple" }
sdist = { url = "https://files.pythonhosted.org/packages/65/ee/299d360cdc32edc7d2cf530f3accf79c4fca01e96ffc950d8a52213bd8e4/packaging-26.0.tar.gz", hash = "sha256:00243ae351a257117b6a241061796684b084ed1c516a08c48a3f7e147a9d80b4", size = 143416 }
wheels = [
    { url = "https://files.pythonhosted.org/packages/b7/b9/c538f279a4e237a006a2c98387d081e9eb060d203d8ed34467cc0f0b9b53/packaging-26.0-py3-none-any.whl", hash = "sha256:b36f1fef9334a5588b4166f8bcd26a14e521f2b55e6b9de3aaa80d3ff7a37529", size = 74366 },
]

[[package]]
name = "pathspec"
version = "1.0.4"
source = { registry = "https://pypi.org/simple" }
sdist = { url = "https://files.pythonhosted.org/packages/fa/36/e27608899f9b8d4dff0617b2d9ab17ca5608956ca44461ac14ac48b44015/pathspec-1.0.4.tar.gz", hash = "sha256:0210e2ae8a21a9137c0d470578cb0e595af87edaa6ebf12ff176f14a02e0e645", size = 131200 }
wheels = [
    { url = "https://files.pythonhosted.org/packages/ef/3c/2c197d226f9ea224a9ab8d197933f9da0ae0aac5b6e0f884e2b8d9c8e9f7/pathspec-1.0.4-py3-none-any.whl", hash = "sha256:fb6ae2fd4e7c921a165808a552060e722767cfa526f99ca5156ed2ce45a5c723", size = 55206 },
]

[[package]]
name = "platformdirs"
version = "4.9.2"
source = { registry = "https://pypi.org/simple" }
sdist = { url = "https://files.pythonhosted.org/packages/1b/04/fea538adf7dbbd6d186f551d595961e564a3b6715bdf276b477460858672/platformdirs-4.9.2.tar.gz", hash = "sha256:9a33809944b9db043ad67ca0db94b14bf452cc6aeaac46a88ea55b26e2e9d291", size = 28394 }
wheels = [
    { url = "https://files.pythonhosted.org/packages/48/31/05e764397056194206169869b50cf2fee4dbbbc71b344705b9c0d878d4d8/platformdirs-4.9.2-py3-none-any.whl", hash = "sha256:9170634f126f8efdae22fb58ae8a0eaa86f38365bc57897a6c4f781d1f5875bd", size = 21168 },
]

[[package]]
name = "pytokens"
version = "0.4.1"
source = { registry = "https://pypi.org/simple" }
sdist = { url = "https://files.pythonhosted.org/packages/b6/34/b4e015b99031667a7b960f888889c5bd34ef585c85e1cb56a594b92836ac/pytokens-0.4.1.tar.gz", hash = "sha256:292052fe80923aae2260c073f822ceba21f3872ced9a68bb7953b348e561179a", size = 23015 }
wheels = [
    { url = "https://files.pythonhosted.org/packages/cb/dc/08b1a080372afda3cceb4f3c0a7ba2bde9d6a5241f1edb02a22a019ee147/pytokens-0.4.1-cp313-cp313-macosx_11_0_arm64.whl", hash = "sha256:8bdb9d0ce90cbf99c525e75a2fa415144fd570a1ba987380190e8b786bc6ef9b", size = 160720 },
    { url = "https://files.pythonhosted.org/packages/64/0c/41ea22205da480837a700e395507e6a24425151dfb7ead73343d6e2d7ffe/pytokens-0.4.1-cp313-cp313-manylinux2014_aarch64.manylinux_2_17_aarch64.manylinux_2_28_aarch64.whl", hash = "sha256:5502408cab1cb18e128570f8d598981c68a50d0cbd7c61312a90507cd3a1276f", size = 254204 },
    { url = "https://files.pythonhosted.org/packages/e0/d2/afe5c7f8607018beb99971489dbb846508f1b8f351fcefc225fcf4b2adc0/pytokens-0.4.1-cp313-cp313-manylinux2014_x86_64.manylinux_2_17_x86_64.manylinux_2_28_x86_64.whl", hash = "sha256:29d1d8fb1030af4d231789959f21821ab6325e463f0503a61d204343c9b355d1", size = 268423 },
    { url = "https://files.pythonhosted.org/packages/68/d4/00ffdbd370410c04e9591da9220a68dc1693ef7499173eb3e30d06e05ed1/pytokens-0.4.1-cp313-cp313-musllinux_1_2_x86_64.whl", hash = "sha256:970b08dd6b86058b6dc07efe9e98414f5102974716232d10f32ff39701e841c4", size = 266859 },
    { url = "https://files.pythonhosted.org/packages/a7/c9/c3161313b4ca0c601eeefabd3d3b576edaa9afdefd32da97210700e47652/pytokens-0.4.1-cp313-cp313-win_amd64.whl", hash = "sha256:9bd7d7f544d362576be74f9d5901a22f317efc20046efe2034dced238cbbfe78", size = 103520 },
    { url = "https://files.pythonhosted.org/packages/8f/a7/b470f672e6fc5fee0a01d9e75005a0e617e162381974213a945fcd274843/pytokens-0.4.1-cp314-cp314-macosx_11_0_arm64.whl", hash = "sha256:4a14d5f5fc78ce85e426aa159489e2d5961acf0e47575e08f35584009178e321", size = 160821 },
    { url = "https://files.pythonhosted.org/packages/80/98/e83a36fe8d170c911f864bfded690d2542bfcfacb9c649d11a9e6eb9dc41/pytokens-0.4.1-cp314-cp314-manylinux2014_aarch64.manylinux_2_17_aarch64.manylinux_2_28_aarch64.whl", hash = "sha256:97f50fd18543be72da51dd505e2ed20d2228c74e0464e4262e4899797803d7fa", size = 254263 },
    { url = "https://files.pythonhosted.org/packages/0f/95/70d7041273890f9f97a24234c00b746e8da86df462620194cef1d411ddeb/pytokens-0.4.1-cp314-cp314-manylinux2014_x86_64.manylinux_2_17_x86_64.manylinux_2_28_x86_64.whl", hash = "sha256:dc74c035f9bfca0255c1af77ddd2d6ae8419012805453e4b0e7513e17904545d", size = 268071 },
    { url = "https://files.pythonhosted.org/packages/da/79/76e6d09ae19c99404656d7db9c35dfd20f2086f3eb6ecb496b5b31163bad/pytokens-0.4.1-cp314-cp314-musllinux_1_2_x86_64.whl", hash = "sha256:f66a6bbe741bd431f6d741e617e0f39ec7257ca1f89089593479347cc4d13324", size = 271716 },
    { url = "https://files.pythonhosted.org/packages/79/37/482e55fa1602e0a7ff012661d8c946bafdc05e480ea5a32f4f7e336d4aa9/pytokens-0.4.1-cp314-cp314-win_amd64.whl", hash = "sha256:b35d7e5ad269804f6697727702da3c517bb8a5228afa450ab0fa787732055fc9", size = 104539 },
    { url = "https://files.pythonhosted.org/packages/30/e8/20e7db907c23f3d63b0be3b8a4fd1927f6da2395f5bcc7f72242bb963dfe/pytokens-0.4.1-cp314-cp314t-macosx_11_0_arm64.whl", hash = "sha256:8fcb9ba3709ff77e77f1c7022ff11d13553f3c30299a9fe246a166903e9091eb", size = 168474 },
    { url = "https://files.pythonhosted.org/packages/d6/81/88a95ee9fafdd8f5f3452107748fd04c24930d500b9aba9738f3ade642cc/pytokens-0.4.1-cp314-cp314t-manylinux2014_aarch64.manylinux_2_17_aarch64.manylinux_2_28_aarch64.whl", hash = "sha256:79fc6b8699564e1f9b521582c35435f1bd32dd06822322ec44afdeba666d8cb3", size = 290473 },
    { url = "https://files.pythonhosted.org/packages/cf/35/3aa899645e29b6375b4aed9f8d21df219e7c958c4c186b465e42ee0a06bf/pytokens-0.4.1-cp314-cp314t-manylinux2014_x86_64.manylinux_2_17_x86_64.manylinux_2_28_x86_64.whl", hash = "sha256:d31b97b3de0f61571a124a00ffe9a81fb9939146c122c11060725bd5aea79975", size = 303485 },
    { url = "https://files.pythonhosted.org/packages/52/a0/07907b6ff512674d9b201859f7d212298c44933633c946703a20c25e9d81/pytokens-0.4.1-cp314-cp314t-musllinux_1_2_x86_64.whl", hash = "sha256:967cf6e3fd4adf7de8fc73cd3043754ae79c36475c1c11d514fc72cf5490094a", size = 306698 },
    { url = "https://files.pythonhosted.org/packages/39/2a/cbbf9250020a4a8dd53ba83a46c097b69e5eb49dd14e708f496f548c6612/pytokens-0.4.1-cp314-cp314t-win_amd64.whl", hash = "sha256:584c80c24b078eec1e227079d56dc22ff755e0ba8654d8383b2c549107528918", size = 116287 },
    { url = "https://files.pythonhosted.org/packages/c6/78/397db326746f0a342855b81216ae1f0a32965deccfd7c830a2dbc66d2483/pytokens-0.4.1-py3-none-any.whl", hash = "sha256:26cef14744a8385f35d0e095dc8b3a7583f6c953c2e3d269c7f82484bf5ad2de", size = 13729 },
]

[[package]]
name = "usanity"
version = "0.1.0"
source = { virtual = "." }
dependencies = [
    { name = "black" },
]

[package.metadata]
requires-dist = [{ name = "black", specifier = ">=26.1.0" }]
